// !$*UTF8*$!
{
	archiveVersion = 1;
	classes = {
	};
	objectVersion = 51;
	objects = {

/* Begin PBXBuildFile section */
		3E3487F8287AE55F026E1178 /* Pods_Sneak_Cinema.framework in Frameworks */ = {isa = PBXBuildFile; fileRef = 11CAF1A82FDDCB71F1535DCC /* Pods_Sneak_Cinema.framework */; };
		F79C26EE269F607C0004B8B7 /* AppDelegate.swift in Sources */ = {isa = PBXBuildFile; fileRef = F79C26ED269F607C0004B8B7 /* AppDelegate.swift */; };
		F79C26F5269F607C0004B8B7 /* Main.storyboard in Resources */ = {isa = PBXBuildFile; fileRef = F79C26F3269F607C0004B8B7 /* Main.storyboard */; };
		F79C26F7269F607F0004B8B7 /* Assets.xcassets in Resources */ = {isa = PBXBuildFile; fileRef = F79C26F6269F607F0004B8B7 /* Assets.xcassets */; };
		F79C26FA269F607F0004B8B7 /* LaunchScreen.storyboard in Resources */ = {isa = PBXBuildFile; fileRef = F79C26F8269F607F0004B8B7 /* LaunchScreen.storyboard */; };
		F79C270E269F665B0004B8B7 /* Auth.storyboard in Resources */ = {isa = PBXBuildFile; fileRef = F79C270D269F665B0004B8B7 /* Auth.storyboard */; };
		F79C2710269F66B70004B8B7 /* LoginViewController.swift in Sources */ = {isa = PBXBuildFile; fileRef = F79C270F269F66B70004B8B7 /* LoginViewController.swift */; };
		F79C2713269F6CBC0004B8B7 /* Extensions.swift in Sources */ = {isa = PBXBuildFile; fileRef = F79C2712269F6CBC0004B8B7 /* Extensions.swift */; };
		F7F2AAD226B0E39A006E7296 /* RifficFree-Bold.ttf in Resources */ = {isa = PBXBuildFile; fileRef = F7F2AAD126B0E399006E7296 /* RifficFree-Bold.ttf */; };
/* End PBXBuildFile section */

/* Begin PBXFileReference section */
		11CAF1A82FDDCB71F1535DCC /* Pods_Sneak_Cinema.framework */ = {isa = PBXFileReference; explicitFileType = wrapper.framework; includeInIndex = 0; path = Pods_Sneak_Cinema.framework; sourceTree = BUILT_PRODUCTS_DIR; };
		C077E9747DA98518D15FB64B /* Pods-Sneak Cinema.release.xcconfig */ = {isa = PBXFileReference; includeInIndex = 1; lastKnownFileType = text.xcconfig; name = "Pods-Sneak Cinema.release.xcconfig"; path = "Target Support Files/Pods-Sneak Cinema/Pods-Sneak Cinema.release.xcconfig"; sourceTree = "<group>"; };
		F1526E38C7BEC81872DA5762 /* Pods-Sneak Cinema.debug.xcconfig */ = {isa = PBXFileReference; includeInIndex = 1; lastKnownFileType = text.xcconfig; name = "Pods-Sneak Cinema.debug.xcconfig"; path = "Target Support Files/Pods-Sneak Cinema/Pods-Sneak Cinema.debug.xcconfig"; sourceTree = "<group>"; };
		F79C26EA269F607C0004B8B7 /* Sneak Cinema.app */ = {isa = PBXFileReference; explicitFileType = wrapper.application; includeInIndex = 0; path = "Sneak Cinema.app"; sourceTree = BUILT_PRODUCTS_DIR; };
		F79C26ED269F607C0004B8B7 /* AppDelegate.swift */ = {isa = PBXFileReference; lastKnownFileType = sourcecode.swift; path = AppDelegate.swift; sourceTree = "<group>"; };
		F79C26F4269F607C0004B8B7 /* Base */ = {isa = PBXFileReference; lastKnownFileType = file.storyboard; name = Base; path = Base.lproj/Main.storyboard; sourceTree = "<group>"; };
		F79C26F6269F607F0004B8B7 /* Assets.xcassets */ = {isa = PBXFileReference; lastKnownFileType = folder.assetcatalog; path = Assets.xcassets; sourceTree = "<group>"; };
		F79C26F9269F607F0004B8B7 /* Base */ = {isa = PBXFileReference; lastKnownFileType = file.storyboard; name = Base; path = Base.lproj/LaunchScreen.storyboard; sourceTree = "<group>"; };
		F79C26FB269F607F0004B8B7 /* Info.plist */ = {isa = PBXFileReference; lastKnownFileType = text.plist.xml; path = Info.plist; sourceTree = "<group>"; };
		F79C270D269F665B0004B8B7 /* Auth.storyboard */ = {isa = PBXFileReference; lastKnownFileType = file.storyboard; path = Auth.storyboard; sourceTree = "<group>"; };
		F79C270F269F66B70004B8B7 /* LoginViewController.swift */ = {isa = PBXFileReference; lastKnownFileType = sourcecode.swift; path = LoginViewController.swift; sourceTree = "<group>"; };
		F79C2712269F6CBC0004B8B7 /* Extensions.swift */ = {isa = PBXFileReference; lastKnownFileType = sourcecode.swift; path = Extensions.swift; sourceTree = "<group>"; };
		F7F2AAD126B0E399006E7296 /* RifficFree-Bold.ttf */ = {isa = PBXFileReference; lastKnownFileType = file; path = "RifficFree-Bold.ttf"; sourceTree = "<group>"; };
/* End PBXFileReference section */

/* Begin PBXFrameworksBuildPhase section */
		F79C26E7269F607C0004B8B7 /* Frameworks */ = {
			isa = PBXFrameworksBuildPhase;
			buildActionMask = 2147483647;
			files = (
				3E3487F8287AE55F026E1178 /* Pods_Sneak_Cinema.framework in Frameworks */,
			);
			runOnlyForDeploymentPostprocessing = 0;
		};
/* End PBXFrameworksBuildPhase section */

/* Begin PBXGroup section */
		1E91B23A4E3A232F3E765D2F /* Pods */ = {
			isa = PBXGroup;
			children = (
				F1526E38C7BEC81872DA5762 /* Pods-Sneak Cinema.debug.xcconfig */,
				C077E9747DA98518D15FB64B /* Pods-Sneak Cinema.release.xcconfig */,
			);
			path = Pods;
			sourceTree = "<group>";
		};
		929452B13777C46CBC6E34D8 /* Frameworks */ = {
			isa = PBXGroup;
			children = (
				11CAF1A82FDDCB71F1535DCC /* Pods_Sneak_Cinema.framework */,
			);
			name = Frameworks;
			sourceTree = "<group>";
		};
		F79C26E1269F607C0004B8B7 = {
			isa = PBXGroup;
			children = (
				F79C26EC269F607C0004B8B7 /* Sneak Cinema */,
				F79C26EB269F607C0004B8B7 /* Products */,
				1E91B23A4E3A232F3E765D2F /* Pods */,
				929452B13777C46CBC6E34D8 /* Frameworks */,
			);
			sourceTree = "<group>";
		};
		F79C26EB269F607C0004B8B7 /* Products */ = {
			isa = PBXGroup;
			children = (
				F79C26EA269F607C0004B8B7 /* Sneak Cinema.app */,
			);
			name = Products;
			sourceTree = "<group>";
		};
		F79C26EC269F607C0004B8B7 /* Sneak Cinema */ = {
			isa = PBXGroup;
			children = (
				F7F2AAD326B13A99006E7296 /* Utils */,
				F79C2706269F657E0004B8B7 /* Resources */,
				F79C2705269F65700004B8B7 /* Configurations */,
				F79C2704269F65680004B8B7 /* Core */,
				F79C2711269F6C5E0004B8B7 /* Extra's */,
				F79C2703269F65530004B8B7 /* Controller */,
				F79C2702269F654B0004B8B7 /* View */,
				F79C2701269F65430004B8B7 /* Model */,
			);
			path = "Sneak Cinema";
			sourceTree = "<group>";
		};
		F79C2701269F65430004B8B7 /* Model */ = {
			isa = PBXGroup;
			children = (
			);
			path = Model;
			sourceTree = "<group>";
		};
		F79C2702269F654B0004B8B7 /* View */ = {
			isa = PBXGroup;
			children = (
				F79C270B269F660C0004B8B7 /* Storyboard's */,
				F79C270A269F66030004B8B7 /* Cells */,
			);
			path = View;
			sourceTree = "<group>";
		};
		F79C2703269F65530004B8B7 /* Controller */ = {
			isa = PBXGroup;
			children = (
				F79C270C269F66340004B8B7 /* Authentication */,
			);
			path = Controller;
			sourceTree = "<group>";
		};
		F79C2704269F65680004B8B7 /* Core */ = {
			isa = PBXGroup;
			children = (
				F79C26ED269F607C0004B8B7 /* AppDelegate.swift */,
			);
			path = Core;
			sourceTree = "<group>";
		};
		F79C2705269F65700004B8B7 /* Configurations */ = {
			isa = PBXGroup;
			children = (
				F79C26FB269F607F0004B8B7 /* Info.plist */,
			);
			path = Configurations;
			sourceTree = "<group>";
		};
		F79C2706269F657E0004B8B7 /* Resources */ = {
			isa = PBXGroup;
			children = (
				F79C2709269F65BF0004B8B7 /* Fonts */,
				F79C2708269F65B50004B8B7 /* Animations */,
				F79C26F6269F607F0004B8B7 /* Assets.xcassets */,
				F79C26F8269F607F0004B8B7 /* LaunchScreen.storyboard */,
			);
			path = Resources;
			sourceTree = "<group>";
		};
		F79C2708269F65B50004B8B7 /* Animations */ = {
			isa = PBXGroup;
			children = (
			);
			path = Animations;
			sourceTree = "<group>";
		};
		F79C2709269F65BF0004B8B7 /* Fonts */ = {
			isa = PBXGroup;
			children = (
				F7F2AAD126B0E399006E7296 /* RifficFree-Bold.ttf */,
			);
			path = Fonts;
			sourceTree = "<group>";
		};
		F79C270A269F66030004B8B7 /* Cells */ = {
			isa = PBXGroup;
			children = (
			);
			path = Cells;
			sourceTree = "<group>";
		};
		F79C270B269F660C0004B8B7 /* Storyboard's */ = {
			isa = PBXGroup;
			children = (
				F79C26F3269F607C0004B8B7 /* Main.storyboard */,
				F79C270D269F665B0004B8B7 /* Auth.storyboard */,
			);
			path = "Storyboard's";
			sourceTree = "<group>";
		};
		F79C270C269F66340004B8B7 /* Authentication */ = {
			isa = PBXGroup;
			children = (
				F79C270F269F66B70004B8B7 /* LoginViewController.swift */,
			);
			path = Authentication;
			sourceTree = "<group>";
		};
		F79C2711269F6C5E0004B8B7 /* Extra's */ = {
			isa = PBXGroup;
			children = (
				F79C2712269F6CBC0004B8B7 /* Extensions.swift */,
			);
			path = "Extra's";
			sourceTree = "<group>";
		};
		F7F2AAD326B13A99006E7296 /* Utils */ = {
			isa = PBXGroup;
			children = (
			);
			path = Utils;
			sourceTree = "<group>";
		};
/* End PBXGroup section */

/* Begin PBXNativeTarget section */
		F79C26E9269F607C0004B8B7 /* Sneak Cinema */ = {
			isa = PBXNativeTarget;
			buildConfigurationList = F79C26FE269F607F0004B8B7 /* Build configuration list for PBXNativeTarget "Sneak Cinema" */;
			buildPhases = (
				03D997EDA73BE590BB63A3F7 /* [CP] Check Pods Manifest.lock */,
				F79C26E6269F607C0004B8B7 /* Sources */,
				F79C26E7269F607C0004B8B7 /* Frameworks */,
				F79C26E8269F607C0004B8B7 /* Resources */,
				8354EC8278034C1F258E8A50 /* [CP] Embed Pods Frameworks */,
			);
			buildRules = (
			);
			dependencies = (
			);
			name = "Sneak Cinema";
			productName = "Sneak Cinema";
			productReference = F79C26EA269F607C0004B8B7 /* Sneak Cinema.app */;
			productType = "com.apple.product-type.application";
		};
/* End PBXNativeTarget section */

/* Begin PBXProject section */
		F79C26E2269F607C0004B8B7 /* Project object */ = {
			isa = PBXProject;
			attributes = {
				LastSwiftUpdateCheck = 1250;
				LastUpgradeCheck = 1250;
				TargetAttributes = {
					F79C26E9269F607C0004B8B7 = {
						CreatedOnToolsVersion = 12.5.1;
					};
				};
			};
			buildConfigurationList = F79C26E5269F607C0004B8B7 /* Build configuration list for PBXProject "Sneak Cinema" */;
			compatibilityVersion = "Xcode 9.3";
			developmentRegion = en;
			hasScannedForEncodings = 0;
			knownRegions = (
				en,
				Base,
			);
			mainGroup = F79C26E1269F607C0004B8B7;
			productRefGroup = F79C26EB269F607C0004B8B7 /* Products */;
			projectDirPath = "";
			projectRoot = "";
			targets = (
				F79C26E9269F607C0004B8B7 /* Sneak Cinema */,
			);
		};
/* End PBXProject section */

/* Begin PBXResourcesBuildPhase section */
		F79C26E8269F607C0004B8B7 /* Resources */ = {
			isa = PBXResourcesBuildPhase;
			buildActionMask = 2147483647;
			files = (
				F79C26FA269F607F0004B8B7 /* LaunchScreen.storyboard in Resources */,
				F7F2AAD226B0E39A006E7296 /* RifficFree-Bold.ttf in Resources */,
				F79C26F7269F607F0004B8B7 /* Assets.xcassets in Resources */,
				F79C26F5269F607C0004B8B7 /* Main.storyboard in Resources */,
				F79C270E269F665B0004B8B7 /* Auth.storyboard in Resources */,
			);
			runOnlyForDeploymentPostprocessing = 0;
		};
/* End PBXResourcesBuildPhase section */

/* Begin PBXShellScriptBuildPhase section */
		03D997EDA73BE590BB63A3F7 /* [CP] Check Pods Manifest.lock */ = {
			isa = PBXShellScriptBuildPhase;
			buildActionMask = 2147483647;
			files = (
			);
			inputFileListPaths = (
			);
			inputPaths = (
				"${PODS_PODFILE_DIR_PATH}/Podfile.lock",
				"${PODS_ROOT}/Manifest.lock",
			);
			name = "[CP] Check Pods Manifest.lock";
			outputFileListPaths = (
			);
			outputPaths = (
				"$(DERIVED_FILE_DIR)/Pods-Sneak Cinema-checkManifestLockResult.txt",
			);
			runOnlyForDeploymentPostprocessing = 0;
			shellPath = /bin/sh;
			shellScript = "diff \"${PODS_PODFILE_DIR_PATH}/Podfile.lock\" \"${PODS_ROOT}/Manifest.lock\" > /dev/null\nif [ $? != 0 ] ; then\n    # print error to STDERR\n    echo \"error: The sandbox is not in sync with the Podfile.lock. Run 'pod install' or update your CocoaPods installation.\" >&2\n    exit 1\nfi\n# This output is used by Xcode 'outputs' to avoid re-running this script phase.\necho \"SUCCESS\" > \"${SCRIPT_OUTPUT_FILE_0}\"\n";
			showEnvVarsInLog = 0;
		};
		8354EC8278034C1F258E8A50 /* [CP] Embed Pods Frameworks */ = {
			isa = PBXShellScriptBuildPhase;
			buildActionMask = 2147483647;
			files = (
			);
			inputFileListPaths = (
				"${PODS_ROOT}/Target Support Files/Pods-Sneak Cinema/Pods-Sneak Cinema-frameworks-${CONFIGURATION}-input-files.xcfilelist",
			);
			name = "[CP] Embed Pods Frameworks";
			outputFileListPaths = (
				"${PODS_ROOT}/Target Support Files/Pods-Sneak Cinema/Pods-Sneak Cinema-frameworks-${CONFIGURATION}-output-files.xcfilelist",
			);
			runOnlyForDeploymentPostprocessing = 0;
			shellPath = /bin/sh;
			shellScript = "\"${PODS_ROOT}/Target Support Files/Pods-Sneak Cinema/Pods-Sneak Cinema-frameworks.sh\"\n";
			showEnvVarsInLog = 0;
		};
/* End PBXShellScriptBuildPhase section */

/* Begin PBXSourcesBuildPhase section */
		F79C26E6269F607C0004B8B7 /* Sources */ = {
			isa = PBXSourcesBuildPhase;
			buildActionMask = 2147483647;
			files = (
				F79C2710269F66B70004B8B7 /* LoginViewController.swift in Sources */,
				F79C26EE269F607C0004B8B7 /* AppDelegate.swift in Sources */,
				F79C2713269F6CBC0004B8B7 /* Extensions.swift in Sources */,
			);
			runOnlyForDeploymentPostprocessing = 0;
		};
/* End PBXSourcesBuildPhase section */

/* Begin PBXVariantGroup section */
		F79C26F3269F607C0004B8B7 /* Main.storyboard */ = {
			isa = PBXVariantGroup;
			children = (
				F79C26F4269F607C0004B8B7 /* Base */,
			);
			name = Main.storyboard;
			sourceTree = "<group>";
		};
		F79C26F8269F607F0004B8B7 /* LaunchScreen.storyboard */ = {
			isa = PBXVariantGroup;
			children = (
				F79C26F9269F607F0004B8B7 /* Base */,
			);
			name = LaunchScreen.storyboard;
			sourceTree = "<group>";
		};
/* End PBXVariantGroup section */

/* Begin XCBuildConfiguration section */
		F79C26FC269F607F0004B8B7 /* Debug */ = {
			isa = XCBuildConfiguration;
			buildSettings = {
				ALWAYS_SEARCH_USER_PATHS = NO;
				CLANG_ANALYZER_NONNULL = YES;
				CLANG_ANALYZER_NUMBER_OBJECT_CONVERSION = YES_AGGRESSIVE;
				CLANG_CXX_LANGUAGE_STANDARD = "gnu++14";
				CLANG_CXX_LIBRARY = "libc++";
				CLANG_ENABLE_MODULES = YES;
				CLANG_ENABLE_OBJC_ARC = YES;
				CLANG_ENABLE_OBJC_WEAK = YES;
				CLANG_WARN_BLOCK_CAPTURE_AUTORELEASING = YES;
				CLANG_WARN_BOOL_CONVERSION = YES;
				CLANG_WARN_COMMA = YES;
				CLANG_WARN_CONSTANT_CONVERSION = YES;
				CLANG_WARN_DEPRECATED_OBJC_IMPLEMENTATIONS = YES;
				CLANG_WARN_DIRECT_OBJC_ISA_USAGE = YES_ERROR;
				CLANG_WARN_DOCUMENTATION_COMMENTS = YES;
				CLANG_WARN_EMPTY_BODY = YES;
				CLANG_WARN_ENUM_CONVERSION = YES;
				CLANG_WARN_INFINITE_RECURSION = YES;
				CLANG_WARN_INT_CONVERSION = YES;
				CLANG_WARN_NON_LITERAL_NULL_CONVERSION = YES;
				CLANG_WARN_OBJC_IMPLICIT_RETAIN_SELF = YES;
				CLANG_WARN_OBJC_LITERAL_CONVERSION = YES;
				CLANG_WARN_OBJC_ROOT_CLASS = YES_ERROR;
				CLANG_WARN_QUOTED_INCLUDE_IN_FRAMEWORK_HEADER = YES;
				CLANG_WARN_RANGE_LOOP_ANALYSIS = YES;
				CLANG_WARN_STRICT_PROTOTYPES = YES;
				CLANG_WARN_SUSPICIOUS_MOVE = YES;
				CLANG_WARN_UNGUARDED_AVAILABILITY = YES_AGGRESSIVE;
				CLANG_WARN_UNREACHABLE_CODE = YES;
				CLANG_WARN__DUPLICATE_METHOD_MATCH = YES;
				COPY_PHASE_STRIP = NO;
				DEBUG_INFORMATION_FORMAT = dwarf;
				ENABLE_STRICT_OBJC_MSGSEND = YES;
				ENABLE_TESTABILITY = YES;
				GCC_C_LANGUAGE_STANDARD = gnu11;
				GCC_DYNAMIC_NO_PIC = NO;
				GCC_NO_COMMON_BLOCKS = YES;
				GCC_OPTIMIZATION_LEVEL = 0;
				GCC_PREPROCESSOR_DEFINITIONS = (
					"DEBUG=1",
					"$(inherited)",
				);
				GCC_WARN_64_TO_32_BIT_CONVERSION = YES;
				GCC_WARN_ABOUT_RETURN_TYPE = YES_ERROR;
				GCC_WARN_UNDECLARED_SELECTOR = YES;
				GCC_WARN_UNINITIALIZED_AUTOS = YES_AGGRESSIVE;
				GCC_WARN_UNUSED_FUNCTION = YES;
				GCC_WARN_UNUSED_VARIABLE = YES;
				IPHONEOS_DEPLOYMENT_TARGET = 14.5;
				MTL_ENABLE_DEBUG_INFO = INCLUDE_SOURCE;
				MTL_FAST_MATH = YES;
				ONLY_ACTIVE_ARCH = YES;
				SDKROOT = iphoneos;
				SWIFT_ACTIVE_COMPILATION_CONDITIONS = DEBUG;
				SWIFT_OPTIMIZATION_LEVEL = "-Onone";
			};
			name = Debug;
		};
		F79C26FD269F607F0004B8B7 /* Release */ = {
			isa = XCBuildConfiguration;
			buildSettings = {
				ALWAYS_SEARCH_USER_PATHS = NO;
				CLANG_ANALYZER_NONNULL = YES;
				CLANG_ANALYZER_NUMBER_OBJECT_CONVERSION = YES_AGGRESSIVE;
				CLANG_CXX_LANGUAGE_STANDARD = "gnu++14";
				CLANG_CXX_LIBRARY = "libc++";
				CLANG_ENABLE_MODULES = YES;
				CLANG_ENABLE_OBJC_ARC = YES;
				CLANG_ENABLE_OBJC_WEAK = YES;
				CLANG_WARN_BLOCK_CAPTURE_AUTORELEASING = YES;
				CLANG_WARN_BOOL_CONVERSION = YES;
				CLANG_WARN_COMMA = YES;
				CLANG_WARN_CONSTANT_CONVERSION = YES;
				CLANG_WARN_DEPRECATED_OBJC_IMPLEMENTATIONS = YES;
				CLANG_WARN_DIRECT_OBJC_ISA_USAGE = YES_ERROR;
				CLANG_WARN_DOCUMENTATION_COMMENTS = YES;
				CLANG_WARN_EMPTY_BODY = YES;
				CLANG_WARN_ENUM_CONVERSION = YES;
				CLANG_WARN_INFINITE_RECURSION = YES;
				CLANG_WARN_INT_CONVERSION = YES;
				CLANG_WARN_NON_LITERAL_NULL_CONVERSION = YES;
				CLANG_WARN_OBJC_IMPLICIT_RETAIN_SELF = YES;
				CLANG_WARN_OBJC_LITERAL_CONVERSION = YES;
				CLANG_WARN_OBJC_ROOT_CLASS = YES_ERROR;
				CLANG_WARN_QUOTED_INCLUDE_IN_FRAMEWORK_HEADER = YES;
				CLANG_WARN_RANGE_LOOP_ANALYSIS = YES;
				CLANG_WARN_STRICT_PROTOTYPES = YES;
				CLANG_WARN_SUSPICIOUS_MOVE = YES;
				CLANG_WARN_UNGUARDED_AVAILABILITY = YES_AGGRESSIVE;
				CLANG_WARN_UNREACHABLE_CODE = YES;
				CLANG_WARN__DUPLICATE_METHOD_MATCH = YES;
				COPY_PHASE_STRIP = NO;
				DEBUG_INFORMATION_FORMAT = "dwarf-with-dsym";
				ENABLE_NS_ASSERTIONS = NO;
				ENABLE_STRICT_OBJC_MSGSEND = YES;
				GCC_C_LANGUAGE_STANDARD = gnu11;
				GCC_NO_COMMON_BLOCKS = YES;
				GCC_WARN_64_TO_32_BIT_CONVERSION = YES;
				GCC_WARN_ABOUT_RETURN_TYPE = YES_ERROR;
				GCC_WARN_UNDECLARED_SELECTOR = YES;
				GCC_WARN_UNINITIALIZED_AUTOS = YES_AGGRESSIVE;
				GCC_WARN_UNUSED_FUNCTION = YES;
				GCC_WARN_UNUSED_VARIABLE = YES;
				IPHONEOS_DEPLOYMENT_TARGET = 14.5;
				MTL_ENABLE_DEBUG_INFO = NO;
				MTL_FAST_MATH = YES;
				SDKROOT = iphoneos;
				SWIFT_COMPILATION_MODE = wholemodule;
				SWIFT_OPTIMIZATION_LEVEL = "-O";
				VALIDATE_PRODUCT = YES;
			};
			name = Release;
		};
		F79C26FF269F607F0004B8B7 /* Debug */ = {
			isa = XCBuildConfiguration;
			baseConfigurationReference = F1526E38C7BEC81872DA5762 /* Pods-Sneak Cinema.debug.xcconfig */;
			buildSettings = {
				ASSETCATALOG_COMPILER_APPICON_NAME = AppIcon;
				ASSETCATALOG_COMPILER_GLOBAL_ACCENT_COLOR_NAME = AccentColor;
				CODE_SIGN_IDENTITY = "Apple Development";
				CODE_SIGN_STYLE = Automatic;
				DEVELOPMENT_TEAM = GT2L62MLF3;
				INFOPLIST_FILE = "Sneak Cinema/Configurations/Info.plist";
				IPHONEOS_DEPLOYMENT_TARGET = 12.1;
				LD_RUNPATH_SEARCH_PATHS = (
					"$(inherited)",
					"@executable_path/Frameworks",
				);
				PRODUCT_BUNDLE_IDENTIFIER = com.Denizey.SneakCinema;
				PRODUCT_NAME = "$(TARGET_NAME)";
				PROVISIONING_PROFILE_SPECIFIER = "";
				SWIFT_VERSION = 5.0;
				TARGETED_DEVICE_FAMILY = "1,2";
			};
			name = Debug;
		};
		F79C2700269F607F0004B8B7 /* Release */ = {
			isa = XCBuildConfiguration;
			baseConfigurationReference = C077E9747DA98518D15FB64B /* Pods-Sneak Cinema.release.xcconfig */;
			buildSettings = {
				ASSETCATALOG_COMPILER_APPICON_NAME = AppIcon;
				ASSETCATALOG_COMPILER_GLOBAL_ACCENT_COLOR_NAME = AccentColor;
				CODE_SIGN_IDENTITY = "Apple Development";
				CODE_SIGN_STYLE = Automatic;
				DEVELOPMENT_TEAM = GT2L62MLF3;
				INFOPLIST_FILE = "Sneak Cinema/Configurations/Info.plist";
				IPHONEOS_DEPLOYMENT_TARGET = 12.1;
				LD_RUNPATH_SEARCH_PATHS = (
					"$(inherited)",
					"@executable_path/Frameworks",
				);
				PRODUCT_BUNDLE_IDENTIFIER = com.Denizey.SneakCinema;
				PRODUCT_NAME = "$(TARGET_NAME)";
				PROVISIONING_PROFILE_SPECIFIER = "";
				SWIFT_VERSION = 5.0;
				TARGETED_DEVICE_FAMILY = "1,2";
			};
			name = Release;
		};
/* End XCBuildConfiguration section */

/* Begin XCConfigurationList section */
		F79C26E5269F607C0004B8B7 /* Build configuration list for PBXProject "Sneak Cinema" */ = {
			isa = XCConfigurationList;
			buildConfigurations = (
				F79C26FC269F607F0004B8B7 /* Debug */,
				F79C26FD269F607F0004B8B7 /* Release */,
			);
			defaultConfigurationIsVisible = 0;
			defaultConfigurationName = Release;
		};
		F79C26FE269F607F0004B8B7 /* Build configuration list for PBXNativeTarget "Sneak Cinema" */ = {
			isa = XCConfigurationList;
			buildConfigurations = (
				F79C26FF269F607F0004B8B7 /* Debug */,
				F79C2700269F607F0004B8B7 /* Release */,
			);
			defaultConfigurationIsVisible = 0;
			defaultConfigurationName = Release;
		};
/* End XCConfigurationList section */
	};
	rootObject = F79C26E2269F607C0004B8B7 /* Project object */;
}
